
Microsoft Visual Studio Solution File, Format Version 12.00
# Visual Studio Version 16
VisualStudioVersion = 16.0.30413.136
MinimumVisualStudioVersion = 10.0.40219.1
Project("{8BC9CEB8-8B4A-11D0-8D11-00A0C91BC942}") = "class 08.09.2020", "class 08.09.2020\class 08.09.2020.vcxproj", "{BD756295-E11B-4854-8015-3A16FE62F650}"
EndProject
Project("{8BC9CEB8-8B4A-11D0-8D11-00A0C91BC942}") = "ConsoleApplication1", "ConsoleApplication1\ConsoleApplication1.vcxproj", "{70AED98D-8A80-4688-94B4-EFB7946C4A04}"
EndProject
Project("{8BC9CEB8-8B4A-11D0-8D11-00A0C91BC942}") = "ConsoleApplication2", "ConsoleApplication2\ConsoleApplication2.vcxproj", "{9E141CB4-B067-4679-B23D-76D4B143DE80}"
EndProject
Global
	GlobalSection(SolutionConfigurationPlatforms) = preSolution
		Debug|x64 = Debug|x64
		Debug|x86 = Debug|x86
		Release|x64 = Release|x64
		Release|x86 = Release|x86
	EndGlobalSection
	GlobalSection(ProjectConfigurationPlatforms) = postSolution
		{BD756295-E11B-4854-8015-3A16FE62F650}.Debug|x64.ActiveCfg = Debug|x64
		{BD756295-E11B-4854-8015-3A16FE62F650}.Debug|x64.Build.0 = Debug|x64
		{BD756295-E11B-4854-8015-3A16FE62F650}.Debug|x86.ActiveCfg = Debug|Win32
		{BD756295-E11B-4854-8015-3A16FE62F650}.Debug|x86.Build.0 = Debug|Win32
		{BD756295-E11B-4854-8015-3A16FE62F650}.Release|x64.ActiveCfg = Release|x64
		{BD756295-E11B-4854-8015-3A16FE62F650}.Release|x64.Build.0 = Release|x64
		{BD756295-E11B-4854-8015-3A16FE62F650}.Release|x86.ActiveCfg = Release|Win32
		{BD756295-E11B-4854-8015-3A16FE62F650}.Release|x86.Build.0 = Release|Win32
		{70AED98D-8A80-4688-94B4-EFB7946C4A04}.Debug|x64.ActiveCfg = Debug|x64
		{70AED98D-8A80-4688-94B4-EFB7946C4A04}.Debug|x64.Build.0 = Debug|x64
		{70AED98D-8A80-4688-94B4-EFB7946C4A04}.Debug|x86.ActiveCfg = Debug|Win32
		{70AED98D-8A80-4688-94B4-EFB7946C4A04}.Debug|x86.Build.0 = Debug|Win32
		{70AED98D-8A80-4688-94B4-EFB7946C4A04}.Release|x64.ActiveCfg = Release|x64
		{70AED98D-8A80-4688-94B4-EFB7946C4A04}.Release|x64.Build.0 = Release|x64
		{70AED98D-8A80-4688-94B4-EFB7946C4A04}.Release|x86.ActiveCfg = Release|Win32
		{70AED98D-8A80-4688-94B4-EFB7946C4A04}.Release|x86.Build.0 = Release|Win32
		{9E141CB4-B067-4679-B23D-76D4B143DE80}.Debug|x64.ActiveCfg = Debug|x64
		{9E141CB4-B067-4679-B23D-76D4B143DE80}.Debug|x64.Build.0 = Debug|x64
		{9E141CB4-B067-4679-B23D-76D4B143DE80}.Debug|x86.ActiveCfg = Debug|Win32
		{9E141CB4-B067-4679-B23D-76D4B143DE80}.Debug|x86.Build.0 = Debug|Win32
		{9E141CB4-B067-4679-B23D-76D4B143DE80}.Release|x64.ActiveCfg = Release|x64
		{9E141CB4-B067-4679-B23D-76D4B143DE80}.Release|x64.Build.0 = Release|x64
		{9E141CB4-B067-4679-B23D-76D4B143DE80}.Release|x86.ActiveCfg = Release|Win32
		{9E141CB4-B067-4679-B23D-76D4B143DE80}.Release|x86.Build.0 = Release|Win32
	EndGlobalSection
	GlobalSection(SolutionProperties) = preSolution
		HideSolutionNode = FALSE
	EndGlobalSection
	GlobalSection(ExtensibilityGlobals) = postSolution
		SolutionGuid = {398E3A41-DEFB-48CE-AA20-1E9283832881}
	EndGlobalSection
EndGlobal
